
Microsoft Visual Studio Solution File, Format Version 12.00
# Visual Studio Version 17
VisualStudioVersion = 17.4.33205.214
MinimumVisualStudioVersion = 10.0.40219.1
Project("{FAE04EC0-301F-11D3-BF4B-00C04F79EFBC}") = "PersonTest", "PersonTest.csproj", "{11A44083-BCE3-4E8A-86E9-AC4B49AA7548}"
EndProject
Global
	GlobalSection(SolutionConfigurationPlatforms) = preSolution
		Debug|Any CPU = Debug|Any CPU
		Release|Any CPU = Release|Any CPU
	EndGlobalSection
	GlobalSection(ProjectConfigurationPlatforms) = postSolution
		{11A44083-BCE3-4E8A-86E9-AC4B49AA7548}.Debug|Any CPU.ActiveCfg = Debug|Any CPU
		{11A44083-BCE3-4E8A-86E9-AC4B49AA7548}.Debug|Any CPU.Build.0 = Debug|Any CPU
		{11A44083-BCE3-4E8A-86E9-AC4B49AA7548}.Release|Any CPU.ActiveCfg = Release|Any CPU
		{11A44083-BCE3-4E8A-86E9-AC4B49AA7548}.Release|Any CPU.Build.0 = Release|Any CPU
	EndGlobalSection
	GlobalSection(SolutionProperties) = preSolution
		HideSolutionNode = FALSE
	EndGlobalSection
	GlobalSection(ExtensibilityGlobals) = postSolution
		SolutionGuid = {B4A63814-DA16-4C00-AB6B-0B30DBA6D0E7}
	EndGlobalSection
EndGlobal
